
Microsoft Visual Studio Solution File, Format Version 12.00
# Visual Studio Version 17
VisualStudioVersion = 17.1.32228.430
MinimumVisualStudioVersion = 10.0.40219.1
Project("{FAE04EC0-301F-11D3-BF4B-00C04F79EFBC}") = "ChatApp", "ChatApp.csproj", "{ACC20C54-F728-47A3-B631-67AA49457323}"
EndProject
Global
	GlobalSection(SolutionConfigurationPlatforms) = preSolution
		Debug|Any CPU = Debug|Any CPU
		Release|Any CPU = Release|Any CPU
	EndGlobalSection
	GlobalSection(ProjectConfigurationPlatforms) = postSolution
		{ACC20C54-F728-47A3-B631-67AA49457323}.Debug|Any CPU.ActiveCfg = Debug|Any CPU
		{ACC20C54-F728-47A3-B631-67AA49457323}.Debug|Any CPU.Build.0 = Debug|Any CPU
		{ACC20C54-F728-47A3-B631-67AA49457323}.Release|Any CPU.ActiveCfg = Release|Any CPU
		{ACC20C54-F728-47A3-B631-67AA49457323}.Release|Any CPU.Build.0 = Release|Any CPU
	EndGlobalSection
	GlobalSection(SolutionProperties) = preSolution
		HideSolutionNode = FALSE
	EndGlobalSection
	GlobalSection(ExtensibilityGlobals) = postSolution
		SolutionGuid = {15748B6C-EF10-4BA3-A415-D6044F2FCDC0}
	EndGlobalSection
EndGlobal
